
Microsoft Visual Studio Solution File, Format Version 12.00
# Visual Studio Version 17
VisualStudioVersion = 17.14.36414.22 d17.14
MinimumVisualStudioVersion = 10.0.40219.1
Project("{FAE04EC0-301F-11D3-BF4B-00C04F79EFBC}") = "CSharpWithDeep", "CSharpWithDeep\CSharpWithDeep.csproj", "{C762FBF2-3D0A-4CA7-AFA2-9081C1303C42}"
EndProject
Global
	GlobalSection(SolutionConfigurationPlatforms) = preSolution
		Debug|Any CPU = Debug|Any CPU
		Release|Any CPU = Release|Any CPU
	EndGlobalSection
	GlobalSection(ProjectConfigurationPlatforms) = postSolution
		{C762FBF2-3D0A-4CA7-AFA2-9081C1303C42}.Debug|Any CPU.ActiveCfg = Debug|Any CPU
		{C762FBF2-3D0A-4CA7-AFA2-9081C1303C42}.Debug|Any CPU.Build.0 = Debug|Any CPU
		{C762FBF2-3D0A-4CA7-AFA2-9081C1303C42}.Release|Any CPU.ActiveCfg = Release|Any CPU
		{C762FBF2-3D0A-4CA7-AFA2-9081C1303C42}.Release|Any CPU.Build.0 = Release|Any CPU
	EndGlobalSection
	GlobalSection(SolutionProperties) = preSolution
		HideSolutionNode = FALSE
	EndGlobalSection
	GlobalSection(ExtensibilityGlobals) = postSolution
		SolutionGuid = {2EF1150E-6468-45B7-B50D-0FDC449184E2}
	EndGlobalSection
EndGlobal
